
Microsoft Visual Studio Solution File, Format Version 12.00
# Visual Studio 15
VisualStudioVersion = 15.0.27428.2027
MinimumVisualStudioVersion = 10.0.40219.1
Project("{FAE04EC0-301F-11D3-BF4B-00C04F79EFBC}") = "ProjectTest.Android", "ProjectTest\ProjectTest.Android\ProjectTest.Android.csproj", "{42CD581E-9872-45B8-A09F-E00C25AAE8C0}"
EndProject
Project("{FAE04EC0-301F-11D3-BF4B-00C04F79EFBC}") = "ProjectTest", "ProjectTest\ProjectTest\ProjectTest.csproj", "{C0213E96-3B4A-43C1-9A35-34CD29EF780A}"
EndProject
Global
	GlobalSection(SolutionConfigurationPlatforms) = preSolution
		Debug|Any CPU = Debug|Any CPU
		Release|Any CPU = Release|Any CPU
	EndGlobalSection
	GlobalSection(ProjectConfigurationPlatforms) = postSolution
		{42CD581E-9872-45B8-A09F-E00C25AAE8C0}.Debug|Any CPU.ActiveCfg = Debug|Any CPU
		{42CD581E-9872-45B8-A09F-E00C25AAE8C0}.Debug|Any CPU.Build.0 = Debug|Any CPU
		{42CD581E-9872-45B8-A09F-E00C25AAE8C0}.Debug|Any CPU.Deploy.0 = Debug|Any CPU
		{42CD581E-9872-45B8-A09F-E00C25AAE8C0}.Release|Any CPU.ActiveCfg = Release|Any CPU
		{42CD581E-9872-45B8-A09F-E00C25AAE8C0}.Release|Any CPU.Build.0 = Release|Any CPU
		{42CD581E-9872-45B8-A09F-E00C25AAE8C0}.Release|Any CPU.Deploy.0 = Release|Any CPU
		{C0213E96-3B4A-43C1-9A35-34CD29EF780A}.Debug|Any CPU.ActiveCfg = Debug|Any CPU
		{C0213E96-3B4A-43C1-9A35-34CD29EF780A}.Debug|Any CPU.Build.0 = Debug|Any CPU
		{C0213E96-3B4A-43C1-9A35-34CD29EF780A}.Release|Any CPU.ActiveCfg = Release|Any CPU
		{C0213E96-3B4A-43C1-9A35-34CD29EF780A}.Release|Any CPU.Build.0 = Release|Any CPU
	EndGlobalSection
	GlobalSection(SolutionProperties) = preSolution
		HideSolutionNode = FALSE
	EndGlobalSection
	GlobalSection(ExtensibilityGlobals) = postSolution
		SolutionGuid = {17351CAD-715F-4BA5-8FBC-0D6ADBDF2AF2}
	EndGlobalSection
EndGlobal
